
Microsoft Visual Studio Solution File, Format Version 12.00
# Visual Studio Version 16
VisualStudioVersion = 25.0.1706.3
MinimumVisualStudioVersion = 10.0.40219.1
Project("{FAE04EC0-301F-11D3-BF4B-00C04F79EFBC}") = "L13_JLPM_1277023", "L13_JLPM_1277023\L13_JLPM_1277023.csproj", "{CCE2085F-FBF4-4BAC-9878-1054CE9C3EB1}"
EndProject
Global
	GlobalSection(SolutionConfigurationPlatforms) = preSolution
		Debug|Any CPU = Debug|Any CPU
		Release|Any CPU = Release|Any CPU
	EndGlobalSection
	GlobalSection(ProjectConfigurationPlatforms) = postSolution
		{CCE2085F-FBF4-4BAC-9878-1054CE9C3EB1}.Debug|Any CPU.ActiveCfg = Debug|Any CPU
		{CCE2085F-FBF4-4BAC-9878-1054CE9C3EB1}.Debug|Any CPU.Build.0 = Debug|Any CPU
		{CCE2085F-FBF4-4BAC-9878-1054CE9C3EB1}.Release|Any CPU.ActiveCfg = Release|Any CPU
		{CCE2085F-FBF4-4BAC-9878-1054CE9C3EB1}.Release|Any CPU.Build.0 = Release|Any CPU
	EndGlobalSection
	GlobalSection(SolutionProperties) = preSolution
		HideSolutionNode = FALSE
	EndGlobalSection
	GlobalSection(ExtensibilityGlobals) = postSolution
		SolutionGuid = {D2A5DCEC-330C-49D1-BD35-5A4381775787}
	EndGlobalSection
EndGlobal
