
Microsoft Visual Studio Solution File, Format Version 12.00
# Visual Studio Version 16
VisualStudioVersion = 25.0.1706.3
MinimumVisualStudioVersion = 10.0.40219.1
Project("{FAE04EC0-301F-11D3-BF4B-00C04F79EFBC}") = "L9_JLPM_1277023", "L9_JLPM_1277023\L9_JLPM_1277023.csproj", "{5E0A0671-9C66-48C4-A411-D6B66A3984FE}"
EndProject
Global
	GlobalSection(SolutionConfigurationPlatforms) = preSolution
		Debug|Any CPU = Debug|Any CPU
		Release|Any CPU = Release|Any CPU
	EndGlobalSection
	GlobalSection(ProjectConfigurationPlatforms) = postSolution
		{5E0A0671-9C66-48C4-A411-D6B66A3984FE}.Debug|Any CPU.ActiveCfg = Debug|Any CPU
		{5E0A0671-9C66-48C4-A411-D6B66A3984FE}.Debug|Any CPU.Build.0 = Debug|Any CPU
		{5E0A0671-9C66-48C4-A411-D6B66A3984FE}.Release|Any CPU.ActiveCfg = Release|Any CPU
		{5E0A0671-9C66-48C4-A411-D6B66A3984FE}.Release|Any CPU.Build.0 = Release|Any CPU
	EndGlobalSection
	GlobalSection(SolutionProperties) = preSolution
		HideSolutionNode = FALSE
	EndGlobalSection
	GlobalSection(ExtensibilityGlobals) = postSolution
		SolutionGuid = {778FF435-E220-469A-B7DE-09D084784E1C}
	EndGlobalSection
EndGlobal
